# This file was autogenerated by Stack.
# You should not edit this file by hand.
# For more information, please see the documentation at:
#   https://docs.haskellstack.org/en/stable/lock_files

packages:
- completed:
    hackage: hasql-1.8@sha256:52b61231259a79733428a4b51f5661c0eb7934001f6a3b3b637203a4a745c951,5642
    pantry-tree:
      sha256: 3aea9d8e5f3eccd419ba31336d0f2d737e0cc23b82fc0306cdc8975c281a272f
      size: 3438
  original:
    hackage: hasql-1.8
- completed:
    hackage: postgresql-binary-0.14@sha256:3f3518f841cf80b107862800715bc64f43c2c71696c4129f63404c1ff61cc919,4025
    pantry-tree:
      sha256: 29cfa313f2642c8b1d3ca15afbd2911ab842ae130e65d99fb5f18e8a24df8c88
      size: 1661
  original:
    hackage: postgresql-binary-0.14@sha256:3f3518f841cf80b107862800715bc64f43c2c71696c4129f63404c1ff61cc919,4025
- completed:
    hackage: postgresql-libpq-0.10.1.0@sha256:6a45edff0a9e30b32cda6e443107950492322622c4fbefc8fb4dcf6452dcf0b4,3203
    pantry-tree:
      sha256: 1c0120f2cd6d15bfdf64060ebde4b037f01381a8d04d188d753b43e1c978d164
      size: 1096
  original:
    hackage: postgresql-libpq-0.10.1.0@sha256:6a45edff0a9e30b32cda6e443107950492322622c4fbefc8fb4dcf6452dcf0b4,3203
snapshots:
- completed:
    sha256: 8e7996960d864443a66eb4105338bbdd6830377b9f6f99cd5527ef73c10c01e7
    size: 719128
    url: https://raw.githubusercontent.com/commercialhaskell/stackage-snapshots/master/lts/22/26.yaml
  original: lts-22.26
